
Microsoft Visual Studio Solution File, Format Version 12.00
# Visual Studio Version 17
VisualStudioVersion = 17.0.32126.317
MinimumVisualStudioVersion = 10.0.40219.1
Project("{FAE04EC0-301F-11D3-BF4B-00C04F79EFBC}") = "TAPU1_A4_INT", "TAPU1_A4_INT.csproj", "{5B2563A8-6767-4CD3-9EA5-083FE1A41CF4}"
EndProject
Global
	GlobalSection(SolutionConfigurationPlatforms) = preSolution
		Debug|Any CPU = Debug|Any CPU
		Release|Any CPU = Release|Any CPU
	EndGlobalSection
	GlobalSection(ProjectConfigurationPlatforms) = postSolution
		{5B2563A8-6767-4CD3-9EA5-083FE1A41CF4}.Debug|Any CPU.ActiveCfg = Debug|Any CPU
		{5B2563A8-6767-4CD3-9EA5-083FE1A41CF4}.Debug|Any CPU.Build.0 = Debug|Any CPU
		{5B2563A8-6767-4CD3-9EA5-083FE1A41CF4}.Release|Any CPU.ActiveCfg = Release|Any CPU
		{5B2563A8-6767-4CD3-9EA5-083FE1A41CF4}.Release|Any CPU.Build.0 = Release|Any CPU
	EndGlobalSection
	GlobalSection(SolutionProperties) = preSolution
		HideSolutionNode = FALSE
	EndGlobalSection
	GlobalSection(ExtensibilityGlobals) = postSolution
		SolutionGuid = {8F309E9D-5614-4E56-BA4A-FD9154250ACF}
	EndGlobalSection
EndGlobal
